
Microsoft Visual Studio Solution File, Format Version 12.00
# Visual Studio Version 16
VisualStudioVersion = 16.0.29613.14
MinimumVisualStudioVersion = 10.0.40219.1
Project("{FAE04EC0-301F-11D3-BF4B-00C04F79EFBC}") = "SQLiteNetLab", "SQLiteNetLab.csproj", "{FB9525FB-4A19-413D-997E-B40BF2C508A9}"
EndProject
Global
	GlobalSection(SolutionConfigurationPlatforms) = preSolution
		Debug|Any CPU = Debug|Any CPU
		Release|Any CPU = Release|Any CPU
	EndGlobalSection
	GlobalSection(ProjectConfigurationPlatforms) = postSolution
		{FB9525FB-4A19-413D-997E-B40BF2C508A9}.Debug|Any CPU.ActiveCfg = Debug|Any CPU
		{FB9525FB-4A19-413D-997E-B40BF2C508A9}.Debug|Any CPU.Build.0 = Debug|Any CPU
		{FB9525FB-4A19-413D-997E-B40BF2C508A9}.Release|Any CPU.ActiveCfg = Release|Any CPU
		{FB9525FB-4A19-413D-997E-B40BF2C508A9}.Release|Any CPU.Build.0 = Release|Any CPU
	EndGlobalSection
	GlobalSection(SolutionProperties) = preSolution
		HideSolutionNode = FALSE
	EndGlobalSection
	GlobalSection(ExtensibilityGlobals) = postSolution
		SolutionGuid = {2BBFDEA0-30E8-4859-9AF6-1AD7407A431F}
	EndGlobalSection
EndGlobal
