
Microsoft Visual Studio Solution File, Format Version 12.00
# Visual Studio Version 17
VisualStudioVersion = 17.0.32126.317
MinimumVisualStudioVersion = 10.0.40219.1
Project("{9A19103F-16F7-4668-BE54-9A1E7A4F7556}") = "RabbitMQSendDemo", "RabbitMQSendDemo\RabbitMQSendDemo.csproj", "{33328F8B-9696-491A-8935-C9467314036A}"
EndProject
Project("{9A19103F-16F7-4668-BE54-9A1E7A4F7556}") = "RabbitMQReceiveDemo", "RabbitMQReceiveDemo\RabbitMQReceiveDemo.csproj", "{ED18E624-19D5-4598-ACF7-9F676217FE0F}"
EndProject
Project("{2150E333-8FDC-42A3-9474-1A3956D46DE8}") = "DeadLetterExchange", "DeadLetterExchange", "{289AFD4E-CC65-4EFE-9707-99AA547F36DE}"
EndProject
Project("{9A19103F-16F7-4668-BE54-9A1E7A4F7556}") = "Producer", "DeadLetterExchange\Producer\Producer.csproj", "{74491128-09AC-4325-B940-054A840A7CDE}"
EndProject
Project("{9A19103F-16F7-4668-BE54-9A1E7A4F7556}") = "Consumer", "DeadLetterExchange\Consumer\Consumer.csproj", "{BD2EC8A0-E9F3-42E0-A3D2-FE48F19EEA54}"
EndProject
Project("{2150E333-8FDC-42A3-9474-1A3956D46DE8}") = "Solution Items", "Solution Items", "{6D67C5E7-16A5-4897-8A60-3DCFF80A8BC5}"
	ProjectSection(SolutionItems) = preProject
		docker-compose.yml = docker-compose.yml
		Dockerfile = Dockerfile
	EndProjectSection
EndProject
Global
	GlobalSection(SolutionConfigurationPlatforms) = preSolution
		Debug|Any CPU = Debug|Any CPU
		Release|Any CPU = Release|Any CPU
	EndGlobalSection
	GlobalSection(ProjectConfigurationPlatforms) = postSolution
		{33328F8B-9696-491A-8935-C9467314036A}.Debug|Any CPU.ActiveCfg = Debug|Any CPU
		{33328F8B-9696-491A-8935-C9467314036A}.Debug|Any CPU.Build.0 = Debug|Any CPU
		{33328F8B-9696-491A-8935-C9467314036A}.Release|Any CPU.ActiveCfg = Release|Any CPU
		{33328F8B-9696-491A-8935-C9467314036A}.Release|Any CPU.Build.0 = Release|Any CPU
		{ED18E624-19D5-4598-ACF7-9F676217FE0F}.Debug|Any CPU.ActiveCfg = Debug|Any CPU
		{ED18E624-19D5-4598-ACF7-9F676217FE0F}.Debug|Any CPU.Build.0 = Debug|Any CPU
		{ED18E624-19D5-4598-ACF7-9F676217FE0F}.Release|Any CPU.ActiveCfg = Release|Any CPU
		{ED18E624-19D5-4598-ACF7-9F676217FE0F}.Release|Any CPU.Build.0 = Release|Any CPU
		{74491128-09AC-4325-B940-054A840A7CDE}.Debug|Any CPU.ActiveCfg = Debug|Any CPU
		{74491128-09AC-4325-B940-054A840A7CDE}.Debug|Any CPU.Build.0 = Debug|Any CPU
		{74491128-09AC-4325-B940-054A840A7CDE}.Release|Any CPU.ActiveCfg = Release|Any CPU
		{74491128-09AC-4325-B940-054A840A7CDE}.Release|Any CPU.Build.0 = Release|Any CPU
		{BD2EC8A0-E9F3-42E0-A3D2-FE48F19EEA54}.Debug|Any CPU.ActiveCfg = Debug|Any CPU
		{BD2EC8A0-E9F3-42E0-A3D2-FE48F19EEA54}.Debug|Any CPU.Build.0 = Debug|Any CPU
		{BD2EC8A0-E9F3-42E0-A3D2-FE48F19EEA54}.Release|Any CPU.ActiveCfg = Release|Any CPU
		{BD2EC8A0-E9F3-42E0-A3D2-FE48F19EEA54}.Release|Any CPU.Build.0 = Release|Any CPU
	EndGlobalSection
	GlobalSection(SolutionProperties) = preSolution
		HideSolutionNode = FALSE
	EndGlobalSection
	GlobalSection(NestedProjects) = preSolution
		{74491128-09AC-4325-B940-054A840A7CDE} = {289AFD4E-CC65-4EFE-9707-99AA547F36DE}
		{BD2EC8A0-E9F3-42E0-A3D2-FE48F19EEA54} = {289AFD4E-CC65-4EFE-9707-99AA547F36DE}
	EndGlobalSection
	GlobalSection(ExtensibilityGlobals) = postSolution
		SolutionGuid = {7AEFA7FB-01C0-4619-A1E3-5A68E4160C82}
	EndGlobalSection
EndGlobal
