
Microsoft Visual Studio Solution File, Format Version 12.00
# Visual Studio Version 16
VisualStudioVersion = 16.0.30717.126
MinimumVisualStudioVersion = 10.0.40219.1
Project("{FAE04EC0-301F-11D3-BF4B-00C04F79EFBC}") = "ReverseEngineering", "ReverseEngineering.csproj", "{F6F570FD-08E7-43A6-B8B5-B3D0B736C458}"
EndProject
Global
	GlobalSection(SolutionConfigurationPlatforms) = preSolution
		Debug|Any CPU = Debug|Any CPU
		Release|Any CPU = Release|Any CPU
	EndGlobalSection
	GlobalSection(ProjectConfigurationPlatforms) = postSolution
		{F6F570FD-08E7-43A6-B8B5-B3D0B736C458}.Debug|Any CPU.ActiveCfg = Debug|Any CPU
		{F6F570FD-08E7-43A6-B8B5-B3D0B736C458}.Debug|Any CPU.Build.0 = Debug|Any CPU
		{F6F570FD-08E7-43A6-B8B5-B3D0B736C458}.Release|Any CPU.ActiveCfg = Release|Any CPU
		{F6F570FD-08E7-43A6-B8B5-B3D0B736C458}.Release|Any CPU.Build.0 = Release|Any CPU
	EndGlobalSection
	GlobalSection(SolutionProperties) = preSolution
		HideSolutionNode = FALSE
	EndGlobalSection
	GlobalSection(ExtensibilityGlobals) = postSolution
		SolutionGuid = {3A7095D3-B618-4468-A50A-24E2C4F42B0D}
	EndGlobalSection
EndGlobal
