
Microsoft Visual Studio Solution File, Format Version 12.00
# Visual Studio 2013
VisualStudioVersion = 12.0.40629.0
MinimumVisualStudioVersion = 10.0.40219.1
Project("{FAE04EC0-301F-11D3-BF4B-00C04F79EFBC}") = "UniqueLab", "UniqueLab\UniqueLab.csproj", "{0798D4E7-ED38-4B46-9074-C75B74404845}"
EndProject
Global
	GlobalSection(SolutionConfigurationPlatforms) = preSolution
		Debug|Any CPU = Debug|Any CPU
		Release|Any CPU = Release|Any CPU
	EndGlobalSection
	GlobalSection(ProjectConfigurationPlatforms) = postSolution
		{0798D4E7-ED38-4B46-9074-C75B74404845}.Debug|Any CPU.ActiveCfg = Debug|Any CPU
		{0798D4E7-ED38-4B46-9074-C75B74404845}.Debug|Any CPU.Build.0 = Debug|Any CPU
		{0798D4E7-ED38-4B46-9074-C75B74404845}.Release|Any CPU.ActiveCfg = Release|Any CPU
		{0798D4E7-ED38-4B46-9074-C75B74404845}.Release|Any CPU.Build.0 = Release|Any CPU
	EndGlobalSection
	GlobalSection(SolutionProperties) = preSolution
		HideSolutionNode = FALSE
	EndGlobalSection
EndGlobal
