
Microsoft Visual Studio Solution File, Format Version 12.00
# Visual Studio Version 16
VisualStudioVersion = 16.0.31112.23
MinimumVisualStudioVersion = 10.0.40219.1
Project("{9A19103F-16F7-4668-BE54-9A1E7A4F7556}") = "EntityFrameworkCoreLab", "EntityFrameworkCoreLab\EntityFrameworkCoreLab.csproj", "{EC5C3E9B-E2DB-4DF7-BB5C-9D3B560022D3}"
EndProject
Project("{9A19103F-16F7-4668-BE54-9A1E7A4F7556}") = "EntityFrameworkCoreLab.WPF", "EntityFrameworkCoreLab.WPF\EntityFrameworkCoreLab.WPF.csproj", "{C61BF54C-C942-44FE-B86E-EE619BE9DAC4}"
EndProject
Project("{9A19103F-16F7-4668-BE54-9A1E7A4F7556}") = "ManyToManyLab", "ManyToManyLab\ManyToManyLab.csproj", "{0F815DD6-D8F9-423C-9A32-5D59EA2CD7AB}"
EndProject
Project("{9A19103F-16F7-4668-BE54-9A1E7A4F7556}") = "ContextLab", "ContextLab\ContextLab.csproj", "{48FB4C05-CE27-4818-9735-A9B3C0795F0E}"
EndProject
Project("{FAE04EC0-301F-11D3-BF4B-00C04F79EFBC}") = "ScaffoldLab", "ScaffoldLab\ScaffoldLab.csproj", "{B2DB4F06-536B-4DC2-9DF9-2DB1F45A8FE9}"
EndProject
Global
	GlobalSection(SolutionConfigurationPlatforms) = preSolution
		Debug|Any CPU = Debug|Any CPU
		Release|Any CPU = Release|Any CPU
	EndGlobalSection
	GlobalSection(ProjectConfigurationPlatforms) = postSolution
		{EC5C3E9B-E2DB-4DF7-BB5C-9D3B560022D3}.Debug|Any CPU.ActiveCfg = Debug|Any CPU
		{EC5C3E9B-E2DB-4DF7-BB5C-9D3B560022D3}.Debug|Any CPU.Build.0 = Debug|Any CPU
		{EC5C3E9B-E2DB-4DF7-BB5C-9D3B560022D3}.Release|Any CPU.ActiveCfg = Release|Any CPU
		{EC5C3E9B-E2DB-4DF7-BB5C-9D3B560022D3}.Release|Any CPU.Build.0 = Release|Any CPU
		{C61BF54C-C942-44FE-B86E-EE619BE9DAC4}.Debug|Any CPU.ActiveCfg = Debug|Any CPU
		{C61BF54C-C942-44FE-B86E-EE619BE9DAC4}.Debug|Any CPU.Build.0 = Debug|Any CPU
		{C61BF54C-C942-44FE-B86E-EE619BE9DAC4}.Release|Any CPU.ActiveCfg = Release|Any CPU
		{C61BF54C-C942-44FE-B86E-EE619BE9DAC4}.Release|Any CPU.Build.0 = Release|Any CPU
		{0F815DD6-D8F9-423C-9A32-5D59EA2CD7AB}.Debug|Any CPU.ActiveCfg = Debug|Any CPU
		{0F815DD6-D8F9-423C-9A32-5D59EA2CD7AB}.Debug|Any CPU.Build.0 = Debug|Any CPU
		{0F815DD6-D8F9-423C-9A32-5D59EA2CD7AB}.Release|Any CPU.ActiveCfg = Release|Any CPU
		{0F815DD6-D8F9-423C-9A32-5D59EA2CD7AB}.Release|Any CPU.Build.0 = Release|Any CPU
		{48FB4C05-CE27-4818-9735-A9B3C0795F0E}.Debug|Any CPU.ActiveCfg = Debug|Any CPU
		{48FB4C05-CE27-4818-9735-A9B3C0795F0E}.Debug|Any CPU.Build.0 = Debug|Any CPU
		{48FB4C05-CE27-4818-9735-A9B3C0795F0E}.Release|Any CPU.ActiveCfg = Release|Any CPU
		{48FB4C05-CE27-4818-9735-A9B3C0795F0E}.Release|Any CPU.Build.0 = Release|Any CPU
		{B2DB4F06-536B-4DC2-9DF9-2DB1F45A8FE9}.Debug|Any CPU.ActiveCfg = Debug|Any CPU
		{B2DB4F06-536B-4DC2-9DF9-2DB1F45A8FE9}.Debug|Any CPU.Build.0 = Debug|Any CPU
		{B2DB4F06-536B-4DC2-9DF9-2DB1F45A8FE9}.Release|Any CPU.ActiveCfg = Release|Any CPU
		{B2DB4F06-536B-4DC2-9DF9-2DB1F45A8FE9}.Release|Any CPU.Build.0 = Release|Any CPU
	EndGlobalSection
	GlobalSection(SolutionProperties) = preSolution
		HideSolutionNode = FALSE
	EndGlobalSection
	GlobalSection(ExtensibilityGlobals) = postSolution
		SolutionGuid = {A955986D-CD5B-4865-8BE2-5ED58254490B}
	EndGlobalSection
EndGlobal
