
Microsoft Visual Studio Solution File, Format Version 12.00
# Visual Studio Version 16
VisualStudioVersion = 16.0.31515.178
MinimumVisualStudioVersion = 10.0.40219.1
Project("{FAE04EC0-301F-11D3-BF4B-00C04F79EFBC}") = "NodeServicesLab", "NodeServicesLab.csproj", "{CAB8EF5C-409A-4E4D-82A3-17BCC3111562}"
EndProject
Global
	GlobalSection(SolutionConfigurationPlatforms) = preSolution
		Debug|Any CPU = Debug|Any CPU
		Release|Any CPU = Release|Any CPU
	EndGlobalSection
	GlobalSection(ProjectConfigurationPlatforms) = postSolution
		{CAB8EF5C-409A-4E4D-82A3-17BCC3111562}.Debug|Any CPU.ActiveCfg = Debug|Any CPU
		{CAB8EF5C-409A-4E4D-82A3-17BCC3111562}.Debug|Any CPU.Build.0 = Debug|Any CPU
		{CAB8EF5C-409A-4E4D-82A3-17BCC3111562}.Release|Any CPU.ActiveCfg = Release|Any CPU
		{CAB8EF5C-409A-4E4D-82A3-17BCC3111562}.Release|Any CPU.Build.0 = Release|Any CPU
	EndGlobalSection
	GlobalSection(SolutionProperties) = preSolution
		HideSolutionNode = FALSE
	EndGlobalSection
	GlobalSection(ExtensibilityGlobals) = postSolution
		SolutionGuid = {32A8A2AB-5F6F-42CC-ADCC-1E5A6A05E7E4}
	EndGlobalSection
EndGlobal
