
Microsoft Visual Studio Solution File, Format Version 12.00
# Visual Studio Version 17
VisualStudioVersion = 17.0.31912.275
MinimumVisualStudioVersion = 10.0.40219.1
Project("{9A19103F-16F7-4668-BE54-9A1E7A4F7556}") = "RedisLab", "RedisLab.csproj", "{325DB7E0-7661-4F13-8658-8045543B6A77}"
EndProject
Project("{2150E333-8FDC-42A3-9474-1A3956D46DE8}") = "Spike", "Spike", "{06B35EA4-4104-4867-AC30-65F1013A5CC5}"
EndProject
Project("{FAE04EC0-301F-11D3-BF4B-00C04F79EFBC}") = "SpikeWeb", "..\SpikeWeb\SpikeWeb.csproj", "{8C9EE459-5617-4D8A-8BCF-9095F9C2B410}"
EndProject
Project("{FAE04EC0-301F-11D3-BF4B-00C04F79EFBC}") = "SpikeLib", "..\SpikeLib\SpikeLib.csproj", "{B33684A3-A107-4B51-9DE3-14CA386D25CE}"
EndProject
Project("{FAE04EC0-301F-11D3-BF4B-00C04F79EFBC}") = "SpikeBenchmark", "..\SpikeBenchmark\SpikeBenchmark.csproj", "{0D86EC7D-8843-4762-A0C9-3E5A8A29F876}"
EndProject
Global
	GlobalSection(SolutionConfigurationPlatforms) = preSolution
		Debug|Any CPU = Debug|Any CPU
		Release|Any CPU = Release|Any CPU
	EndGlobalSection
	GlobalSection(ProjectConfigurationPlatforms) = postSolution
		{325DB7E0-7661-4F13-8658-8045543B6A77}.Debug|Any CPU.ActiveCfg = Debug|Any CPU
		{325DB7E0-7661-4F13-8658-8045543B6A77}.Debug|Any CPU.Build.0 = Debug|Any CPU
		{325DB7E0-7661-4F13-8658-8045543B6A77}.Release|Any CPU.ActiveCfg = Release|Any CPU
		{325DB7E0-7661-4F13-8658-8045543B6A77}.Release|Any CPU.Build.0 = Release|Any CPU
		{8C9EE459-5617-4D8A-8BCF-9095F9C2B410}.Debug|Any CPU.ActiveCfg = Debug|Any CPU
		{8C9EE459-5617-4D8A-8BCF-9095F9C2B410}.Debug|Any CPU.Build.0 = Debug|Any CPU
		{8C9EE459-5617-4D8A-8BCF-9095F9C2B410}.Release|Any CPU.ActiveCfg = Release|Any CPU
		{8C9EE459-5617-4D8A-8BCF-9095F9C2B410}.Release|Any CPU.Build.0 = Release|Any CPU
		{B33684A3-A107-4B51-9DE3-14CA386D25CE}.Debug|Any CPU.ActiveCfg = Debug|Any CPU
		{B33684A3-A107-4B51-9DE3-14CA386D25CE}.Debug|Any CPU.Build.0 = Debug|Any CPU
		{B33684A3-A107-4B51-9DE3-14CA386D25CE}.Release|Any CPU.ActiveCfg = Release|Any CPU
		{B33684A3-A107-4B51-9DE3-14CA386D25CE}.Release|Any CPU.Build.0 = Release|Any CPU
		{0D86EC7D-8843-4762-A0C9-3E5A8A29F876}.Debug|Any CPU.ActiveCfg = Debug|Any CPU
		{0D86EC7D-8843-4762-A0C9-3E5A8A29F876}.Debug|Any CPU.Build.0 = Debug|Any CPU
		{0D86EC7D-8843-4762-A0C9-3E5A8A29F876}.Release|Any CPU.ActiveCfg = Release|Any CPU
		{0D86EC7D-8843-4762-A0C9-3E5A8A29F876}.Release|Any CPU.Build.0 = Release|Any CPU
	EndGlobalSection
	GlobalSection(SolutionProperties) = preSolution
		HideSolutionNode = FALSE
	EndGlobalSection
	GlobalSection(NestedProjects) = preSolution
		{8C9EE459-5617-4D8A-8BCF-9095F9C2B410} = {06B35EA4-4104-4867-AC30-65F1013A5CC5}
		{B33684A3-A107-4B51-9DE3-14CA386D25CE} = {06B35EA4-4104-4867-AC30-65F1013A5CC5}
		{0D86EC7D-8843-4762-A0C9-3E5A8A29F876} = {06B35EA4-4104-4867-AC30-65F1013A5CC5}
	EndGlobalSection
	GlobalSection(ExtensibilityGlobals) = postSolution
		SolutionGuid = {C9D251F9-0C7E-453E-A978-30099399C0D3}
	EndGlobalSection
EndGlobal
