
Microsoft Visual Studio Solution File, Format Version 12.00
# Visual Studio Version 16
VisualStudioVersion = 16.0.30717.126
MinimumVisualStudioVersion = 10.0.40219.1
Project("{FAE04EC0-301F-11D3-BF4B-00C04F79EFBC}") = "StrongNameLab", "StrongNameLab.csproj", "{ECD32A27-42F0-4265-9D44-58699E637467}"
EndProject
Project("{FAE04EC0-301F-11D3-BF4B-00C04F79EFBC}") = "StrongNameLibrary", "..\StrongNameLibrary\StrongNameLibrary.csproj", "{8E662FA7-2AD4-4F6E-9EE5-C0FA6577F3F8}"
EndProject
Global
	GlobalSection(SolutionConfigurationPlatforms) = preSolution
		Debug|Any CPU = Debug|Any CPU
		Release|Any CPU = Release|Any CPU
	EndGlobalSection
	GlobalSection(ProjectConfigurationPlatforms) = postSolution
		{ECD32A27-42F0-4265-9D44-58699E637467}.Debug|Any CPU.ActiveCfg = Debug|Any CPU
		{ECD32A27-42F0-4265-9D44-58699E637467}.Debug|Any CPU.Build.0 = Debug|Any CPU
		{ECD32A27-42F0-4265-9D44-58699E637467}.Release|Any CPU.ActiveCfg = Release|Any CPU
		{ECD32A27-42F0-4265-9D44-58699E637467}.Release|Any CPU.Build.0 = Release|Any CPU
		{8E662FA7-2AD4-4F6E-9EE5-C0FA6577F3F8}.Debug|Any CPU.ActiveCfg = Debug|Any CPU
		{8E662FA7-2AD4-4F6E-9EE5-C0FA6577F3F8}.Debug|Any CPU.Build.0 = Debug|Any CPU
		{8E662FA7-2AD4-4F6E-9EE5-C0FA6577F3F8}.Release|Any CPU.ActiveCfg = Release|Any CPU
		{8E662FA7-2AD4-4F6E-9EE5-C0FA6577F3F8}.Release|Any CPU.Build.0 = Release|Any CPU
	EndGlobalSection
	GlobalSection(SolutionProperties) = preSolution
		HideSolutionNode = FALSE
	EndGlobalSection
	GlobalSection(ExtensibilityGlobals) = postSolution
		SolutionGuid = {7C3BC5D0-6C79-42F7-B4E6-DBB9821A3809}
	EndGlobalSection
EndGlobal
