
Microsoft Visual Studio Solution File, Format Version 12.00
# Visual Studio 14
VisualStudioVersion = 14.0.25123.0
MinimumVisualStudioVersion = 10.0.40219.1
Project("{FAE04EC0-301F-11D3-BF4B-00C04F79EFBC}") = "Thread", "Thread\Thread.csproj", "{60550DDA-7996-4F92-9FB2-672D0EC3F874}"
EndProject
Project("{FAE04EC0-301F-11D3-BF4B-00C04F79EFBC}") = "Timer", "Timer\Timer.csproj", "{E1650043-ED52-4EFC-AA26-9339B0160AD2}"
EndProject
Global
	GlobalSection(SolutionConfigurationPlatforms) = preSolution
		Debug|Any CPU = Debug|Any CPU
		Release|Any CPU = Release|Any CPU
	EndGlobalSection
	GlobalSection(ProjectConfigurationPlatforms) = postSolution
		{60550DDA-7996-4F92-9FB2-672D0EC3F874}.Debug|Any CPU.ActiveCfg = Debug|Any CPU
		{60550DDA-7996-4F92-9FB2-672D0EC3F874}.Debug|Any CPU.Build.0 = Debug|Any CPU
		{60550DDA-7996-4F92-9FB2-672D0EC3F874}.Release|Any CPU.ActiveCfg = Release|Any CPU
		{60550DDA-7996-4F92-9FB2-672D0EC3F874}.Release|Any CPU.Build.0 = Release|Any CPU
		{E1650043-ED52-4EFC-AA26-9339B0160AD2}.Debug|Any CPU.ActiveCfg = Debug|Any CPU
		{E1650043-ED52-4EFC-AA26-9339B0160AD2}.Debug|Any CPU.Build.0 = Debug|Any CPU
		{E1650043-ED52-4EFC-AA26-9339B0160AD2}.Release|Any CPU.ActiveCfg = Release|Any CPU
		{E1650043-ED52-4EFC-AA26-9339B0160AD2}.Release|Any CPU.Build.0 = Release|Any CPU
	EndGlobalSection
	GlobalSection(SolutionProperties) = preSolution
		HideSolutionNode = FALSE
	EndGlobalSection
EndGlobal
