
Microsoft Visual Studio Solution File, Format Version 12.00
# Visual Studio Version 17
VisualStudioVersion = 17.0.32126.317
MinimumVisualStudioVersion = 10.0.40219.1
Project("{FAE04EC0-301F-11D3-BF4B-00C04F79EFBC}") = "DataBasePerformanceLab", "DataBasePerformanceLab.csproj", "{1802D5DF-45E6-4502-8457-9B3E47D787E7}"
EndProject
Global
	GlobalSection(SolutionConfigurationPlatforms) = preSolution
		Debug|Any CPU = Debug|Any CPU
		Release|Any CPU = Release|Any CPU
	EndGlobalSection
	GlobalSection(ProjectConfigurationPlatforms) = postSolution
		{1802D5DF-45E6-4502-8457-9B3E47D787E7}.Debug|Any CPU.ActiveCfg = Debug|Any CPU
		{1802D5DF-45E6-4502-8457-9B3E47D787E7}.Debug|Any CPU.Build.0 = Debug|Any CPU
		{1802D5DF-45E6-4502-8457-9B3E47D787E7}.Release|Any CPU.ActiveCfg = Release|Any CPU
		{1802D5DF-45E6-4502-8457-9B3E47D787E7}.Release|Any CPU.Build.0 = Release|Any CPU
	EndGlobalSection
	GlobalSection(SolutionProperties) = preSolution
		HideSolutionNode = FALSE
	EndGlobalSection
	GlobalSection(ExtensibilityGlobals) = postSolution
		SolutionGuid = {016CB0F6-A8DC-46B8-9726-F82120812E43}
	EndGlobalSection
EndGlobal
