
Microsoft Visual Studio Solution File, Format Version 12.00
# Visual Studio 14
VisualStudioVersion = 14.0.25420.1
MinimumVisualStudioVersion = 10.0.40219.1
Project("{FAE04EC0-301F-11D3-BF4B-00C04F79EFBC}") = "AirKissDemo", "AirKissDemo\AirKissDemo\AirKissDemo.csproj", "{15F1DA3D-5AC6-44AC-B1D8-76FEFB9F48F1}"
EndProject
Project("{FAE04EC0-301F-11D3-BF4B-00C04F79EFBC}") = "AirKissDemo.Droid", "AirKissDemo\AirKissDemo.Droid\AirKissDemo.Droid.csproj", "{E56F9F39-7562-4810-8F7B-C94DB6A97B03}"
EndProject
Project("{FAE04EC0-301F-11D3-BF4B-00C04F79EFBC}") = "AirKissDemo.iOS", "AirKissDemo\AirKissDemo.iOS\AirKissDemo.iOS.csproj", "{FCBBFC55-4197-4548-B68B-A65709DD86A5}"
EndProject
Project("{FAE04EC0-301F-11D3-BF4B-00C04F79EFBC}") = "AirKissLib", "AirKissLib\AirKissLib.csproj", "{21302676-1F8D-44BA-9B90-DCC89479046B}"
EndProject
Project("{FAE04EC0-301F-11D3-BF4B-00C04F79EFBC}") = "AirKissDemo.Core", "AirKissDemo\AirKissDemo.Core\AirKissDemo.Core.csproj", "{EB4959FF-73E2-43A7-A91F-BD46FC922F23}"
EndProject
Project("{FAE04EC0-301F-11D3-BF4B-00C04F79EFBC}") = "AirKissDemo.WPF", "AirKissDemo\AirKissDemo.WPF\AirKissDemo.WPF.csproj", "{0BF69139-E58E-436D-AB64-022CEFC917DB}"
EndProject
Global
	GlobalSection(SolutionConfigurationPlatforms) = preSolution
		Ad-Hoc|Any CPU = Ad-Hoc|Any CPU
		Ad-Hoc|ARM = Ad-Hoc|ARM
		Ad-Hoc|iPhone = Ad-Hoc|iPhone
		Ad-Hoc|iPhoneSimulator = Ad-Hoc|iPhoneSimulator
		Ad-Hoc|x64 = Ad-Hoc|x64
		Ad-Hoc|x86 = Ad-Hoc|x86
		AppStore|Any CPU = AppStore|Any CPU
		AppStore|ARM = AppStore|ARM
		AppStore|iPhone = AppStore|iPhone
		AppStore|iPhoneSimulator = AppStore|iPhoneSimulator
		AppStore|x64 = AppStore|x64
		AppStore|x86 = AppStore|x86
		Debug|Any CPU = Debug|Any CPU
		Debug|ARM = Debug|ARM
		Debug|iPhone = Debug|iPhone
		Debug|iPhoneSimulator = Debug|iPhoneSimulator
		Debug|x64 = Debug|x64
		Debug|x86 = Debug|x86
		Release|Any CPU = Release|Any CPU
		Release|ARM = Release|ARM
		Release|iPhone = Release|iPhone
		Release|iPhoneSimulator = Release|iPhoneSimulator
		Release|x64 = Release|x64
		Release|x86 = Release|x86
	EndGlobalSection
	GlobalSection(ProjectConfigurationPlatforms) = postSolution
		{15F1DA3D-5AC6-44AC-B1D8-76FEFB9F48F1}.Ad-Hoc|Any CPU.ActiveCfg = Release|Any CPU
		{15F1DA3D-5AC6-44AC-B1D8-76FEFB9F48F1}.Ad-Hoc|Any CPU.Build.0 = Release|Any CPU
		{15F1DA3D-5AC6-44AC-B1D8-76FEFB9F48F1}.Ad-Hoc|ARM.ActiveCfg = Release|Any CPU
		{15F1DA3D-5AC6-44AC-B1D8-76FEFB9F48F1}.Ad-Hoc|ARM.Build.0 = Release|Any CPU
		{15F1DA3D-5AC6-44AC-B1D8-76FEFB9F48F1}.Ad-Hoc|iPhone.ActiveCfg = Release|Any CPU
		{15F1DA3D-5AC6-44AC-B1D8-76FEFB9F48F1}.Ad-Hoc|iPhone.Build.0 = Release|Any CPU
		{15F1DA3D-5AC6-44AC-B1D8-76FEFB9F48F1}.Ad-Hoc|iPhoneSimulator.ActiveCfg = Release|Any CPU
		{15F1DA3D-5AC6-44AC-B1D8-76FEFB9F48F1}.Ad-Hoc|iPhoneSimulator.Build.0 = Release|Any CPU
		{15F1DA3D-5AC6-44AC-B1D8-76FEFB9F48F1}.Ad-Hoc|x64.ActiveCfg = Release|Any CPU
		{15F1DA3D-5AC6-44AC-B1D8-76FEFB9F48F1}.Ad-Hoc|x64.Build.0 = Release|Any CPU
		{15F1DA3D-5AC6-44AC-B1D8-76FEFB9F48F1}.Ad-Hoc|x86.ActiveCfg = Release|Any CPU
		{15F1DA3D-5AC6-44AC-B1D8-76FEFB9F48F1}.Ad-Hoc|x86.Build.0 = Release|Any CPU
		{15F1DA3D-5AC6-44AC-B1D8-76FEFB9F48F1}.AppStore|Any CPU.ActiveCfg = Release|Any CPU
		{15F1DA3D-5AC6-44AC-B1D8-76FEFB9F48F1}.AppStore|Any CPU.Build.0 = Release|Any CPU
		{15F1DA3D-5AC6-44AC-B1D8-76FEFB9F48F1}.AppStore|ARM.ActiveCfg = Release|Any CPU
		{15F1DA3D-5AC6-44AC-B1D8-76FEFB9F48F1}.AppStore|ARM.Build.0 = Release|Any CPU
		{15F1DA3D-5AC6-44AC-B1D8-76FEFB9F48F1}.AppStore|iPhone.ActiveCfg = Release|Any CPU
		{15F1DA3D-5AC6-44AC-B1D8-76FEFB9F48F1}.AppStore|iPhone.Build.0 = Release|Any CPU
		{15F1DA3D-5AC6-44AC-B1D8-76FEFB9F48F1}.AppStore|iPhoneSimulator.ActiveCfg = Release|Any CPU
		{15F1DA3D-5AC6-44AC-B1D8-76FEFB9F48F1}.AppStore|iPhoneSimulator.Build.0 = Release|Any CPU
		{15F1DA3D-5AC6-44AC-B1D8-76FEFB9F48F1}.AppStore|x64.ActiveCfg = Release|Any CPU
		{15F1DA3D-5AC6-44AC-B1D8-76FEFB9F48F1}.AppStore|x64.Build.0 = Release|Any CPU
		{15F1DA3D-5AC6-44AC-B1D8-76FEFB9F48F1}.AppStore|x86.ActiveCfg = Release|Any CPU
		{15F1DA3D-5AC6-44AC-B1D8-76FEFB9F48F1}.AppStore|x86.Build.0 = Release|Any CPU
		{15F1DA3D-5AC6-44AC-B1D8-76FEFB9F48F1}.Debug|Any CPU.ActiveCfg = Debug|Any CPU
		{15F1DA3D-5AC6-44AC-B1D8-76FEFB9F48F1}.Debug|Any CPU.Build.0 = Debug|Any CPU
		{15F1DA3D-5AC6-44AC-B1D8-76FEFB9F48F1}.Debug|ARM.ActiveCfg = Debug|Any CPU
		{15F1DA3D-5AC6-44AC-B1D8-76FEFB9F48F1}.Debug|ARM.Build.0 = Debug|Any CPU
		{15F1DA3D-5AC6-44AC-B1D8-76FEFB9F48F1}.Debug|iPhone.ActiveCfg = Debug|Any CPU
		{15F1DA3D-5AC6-44AC-B1D8-76FEFB9F48F1}.Debug|iPhone.Build.0 = Debug|Any CPU
		{15F1DA3D-5AC6-44AC-B1D8-76FEFB9F48F1}.Debug|iPhoneSimulator.ActiveCfg = Debug|Any CPU
		{15F1DA3D-5AC6-44AC-B1D8-76FEFB9F48F1}.Debug|iPhoneSimulator.Build.0 = Debug|Any CPU
		{15F1DA3D-5AC6-44AC-B1D8-76FEFB9F48F1}.Debug|x64.ActiveCfg = Debug|Any CPU
		{15F1DA3D-5AC6-44AC-B1D8-76FEFB9F48F1}.Debug|x64.Build.0 = Debug|Any CPU
		{15F1DA3D-5AC6-44AC-B1D8-76FEFB9F48F1}.Debug|x86.ActiveCfg = Debug|Any CPU
		{15F1DA3D-5AC6-44AC-B1D8-76FEFB9F48F1}.Debug|x86.Build.0 = Debug|Any CPU
		{15F1DA3D-5AC6-44AC-B1D8-76FEFB9F48F1}.Release|Any CPU.ActiveCfg = Release|Any CPU
		{15F1DA3D-5AC6-44AC-B1D8-76FEFB9F48F1}.Release|Any CPU.Build.0 = Release|Any CPU
		{15F1DA3D-5AC6-44AC-B1D8-76FEFB9F48F1}.Release|ARM.ActiveCfg = Release|Any CPU
		{15F1DA3D-5AC6-44AC-B1D8-76FEFB9F48F1}.Release|ARM.Build.0 = Release|Any CPU
		{15F1DA3D-5AC6-44AC-B1D8-76FEFB9F48F1}.Release|iPhone.ActiveCfg = Release|Any CPU
		{15F1DA3D-5AC6-44AC-B1D8-76FEFB9F48F1}.Release|iPhone.Build.0 = Release|Any CPU
		{15F1DA3D-5AC6-44AC-B1D8-76FEFB9F48F1}.Release|iPhoneSimulator.ActiveCfg = Release|Any CPU
		{15F1DA3D-5AC6-44AC-B1D8-76FEFB9F48F1}.Release|iPhoneSimulator.Build.0 = Release|Any CPU
		{15F1DA3D-5AC6-44AC-B1D8-76FEFB9F48F1}.Release|x64.ActiveCfg = Release|Any CPU
		{15F1DA3D-5AC6-44AC-B1D8-76FEFB9F48F1}.Release|x64.Build.0 = Release|Any CPU
		{15F1DA3D-5AC6-44AC-B1D8-76FEFB9F48F1}.Release|x86.ActiveCfg = Release|Any CPU
		{15F1DA3D-5AC6-44AC-B1D8-76FEFB9F48F1}.Release|x86.Build.0 = Release|Any CPU
		{E56F9F39-7562-4810-8F7B-C94DB6A97B03}.Ad-Hoc|Any CPU.ActiveCfg = Release|Any CPU
		{E56F9F39-7562-4810-8F7B-C94DB6A97B03}.Ad-Hoc|Any CPU.Build.0 = Release|Any CPU
		{E56F9F39-7562-4810-8F7B-C94DB6A97B03}.Ad-Hoc|Any CPU.Deploy.0 = Release|Any CPU
		{E56F9F39-7562-4810-8F7B-C94DB6A97B03}.Ad-Hoc|ARM.ActiveCfg = Release|Any CPU
		{E56F9F39-7562-4810-8F7B-C94DB6A97B03}.Ad-Hoc|ARM.Build.0 = Release|Any CPU
		{E56F9F39-7562-4810-8F7B-C94DB6A97B03}.Ad-Hoc|ARM.Deploy.0 = Release|Any CPU
		{E56F9F39-7562-4810-8F7B-C94DB6A97B03}.Ad-Hoc|iPhone.ActiveCfg = Release|Any CPU
		{E56F9F39-7562-4810-8F7B-C94DB6A97B03}.Ad-Hoc|iPhone.Build.0 = Release|Any CPU
		{E56F9F39-7562-4810-8F7B-C94DB6A97B03}.Ad-Hoc|iPhone.Deploy.0 = Release|Any CPU
		{E56F9F39-7562-4810-8F7B-C94DB6A97B03}.Ad-Hoc|iPhoneSimulator.ActiveCfg = Release|Any CPU
		{E56F9F39-7562-4810-8F7B-C94DB6A97B03}.Ad-Hoc|iPhoneSimulator.Build.0 = Release|Any CPU
		{E56F9F39-7562-4810-8F7B-C94DB6A97B03}.Ad-Hoc|iPhoneSimulator.Deploy.0 = Release|Any CPU
		{E56F9F39-7562-4810-8F7B-C94DB6A97B03}.Ad-Hoc|x64.ActiveCfg = Release|Any CPU
		{E56F9F39-7562-4810-8F7B-C94DB6A97B03}.Ad-Hoc|x64.Build.0 = Release|Any CPU
		{E56F9F39-7562-4810-8F7B-C94DB6A97B03}.Ad-Hoc|x64.Deploy.0 = Release|Any CPU
		{E56F9F39-7562-4810-8F7B-C94DB6A97B03}.Ad-Hoc|x86.ActiveCfg = Release|Any CPU
		{E56F9F39-7562-4810-8F7B-C94DB6A97B03}.Ad-Hoc|x86.Build.0 = Release|Any CPU
		{E56F9F39-7562-4810-8F7B-C94DB6A97B03}.Ad-Hoc|x86.Deploy.0 = Release|Any CPU
		{E56F9F39-7562-4810-8F7B-C94DB6A97B03}.AppStore|Any CPU.ActiveCfg = Release|Any CPU
		{E56F9F39-7562-4810-8F7B-C94DB6A97B03}.AppStore|Any CPU.Build.0 = Release|Any CPU
		{E56F9F39-7562-4810-8F7B-C94DB6A97B03}.AppStore|Any CPU.Deploy.0 = Release|Any CPU
		{E56F9F39-7562-4810-8F7B-C94DB6A97B03}.AppStore|ARM.ActiveCfg = Release|Any CPU
		{E56F9F39-7562-4810-8F7B-C94DB6A97B03}.AppStore|ARM.Build.0 = Release|Any CPU
		{E56F9F39-7562-4810-8F7B-C94DB6A97B03}.AppStore|ARM.Deploy.0 = Release|Any CPU
		{E56F9F39-7562-4810-8F7B-C94DB6A97B03}.AppStore|iPhone.ActiveCfg = Release|Any CPU
		{E56F9F39-7562-4810-8F7B-C94DB6A97B03}.AppStore|iPhone.Build.0 = Release|Any CPU
		{E56F9F39-7562-4810-8F7B-C94DB6A97B03}.AppStore|iPhone.Deploy.0 = Release|Any CPU
		{E56F9F39-7562-4810-8F7B-C94DB6A97B03}.AppStore|iPhoneSimulator.ActiveCfg = Release|Any CPU
		{E56F9F39-7562-4810-8F7B-C94DB6A97B03}.AppStore|iPhoneSimulator.Build.0 = Release|Any CPU
		{E56F9F39-7562-4810-8F7B-C94DB6A97B03}.AppStore|iPhoneSimulator.Deploy.0 = Release|Any CPU
		{E56F9F39-7562-4810-8F7B-C94DB6A97B03}.AppStore|x64.ActiveCfg = Release|Any CPU
		{E56F9F39-7562-4810-8F7B-C94DB6A97B03}.AppStore|x64.Build.0 = Release|Any CPU
		{E56F9F39-7562-4810-8F7B-C94DB6A97B03}.AppStore|x64.Deploy.0 = Release|Any CPU
		{E56F9F39-7562-4810-8F7B-C94DB6A97B03}.AppStore|x86.ActiveCfg = Release|Any CPU
		{E56F9F39-7562-4810-8F7B-C94DB6A97B03}.AppStore|x86.Build.0 = Release|Any CPU
		{E56F9F39-7562-4810-8F7B-C94DB6A97B03}.AppStore|x86.Deploy.0 = Release|Any CPU
		{E56F9F39-7562-4810-8F7B-C94DB6A97B03}.Debug|Any CPU.ActiveCfg = Debug|Any CPU
		{E56F9F39-7562-4810-8F7B-C94DB6A97B03}.Debug|Any CPU.Build.0 = Debug|Any CPU
		{E56F9F39-7562-4810-8F7B-C94DB6A97B03}.Debug|Any CPU.Deploy.0 = Debug|Any CPU
		{E56F9F39-7562-4810-8F7B-C94DB6A97B03}.Debug|ARM.ActiveCfg = Debug|Any CPU
		{E56F9F39-7562-4810-8F7B-C94DB6A97B03}.Debug|ARM.Build.0 = Debug|Any CPU
		{E56F9F39-7562-4810-8F7B-C94DB6A97B03}.Debug|ARM.Deploy.0 = Debug|Any CPU
		{E56F9F39-7562-4810-8F7B-C94DB6A97B03}.Debug|iPhone.ActiveCfg = Debug|Any CPU
		{E56F9F39-7562-4810-8F7B-C94DB6A97B03}.Debug|iPhone.Build.0 = Debug|Any CPU
		{E56F9F39-7562-4810-8F7B-C94DB6A97B03}.Debug|iPhone.Deploy.0 = Debug|Any CPU
		{E56F9F39-7562-4810-8F7B-C94DB6A97B03}.Debug|iPhoneSimulator.ActiveCfg = Debug|Any CPU
		{E56F9F39-7562-4810-8F7B-C94DB6A97B03}.Debug|iPhoneSimulator.Build.0 = Debug|Any CPU
		{E56F9F39-7562-4810-8F7B-C94DB6A97B03}.Debug|iPhoneSimulator.Deploy.0 = Debug|Any CPU
		{E56F9F39-7562-4810-8F7B-C94DB6A97B03}.Debug|x64.ActiveCfg = Debug|Any CPU
		{E56F9F39-7562-4810-8F7B-C94DB6A97B03}.Debug|x64.Build.0 = Debug|Any CPU
		{E56F9F39-7562-4810-8F7B-C94DB6A97B03}.Debug|x64.Deploy.0 = Debug|Any CPU
		{E56F9F39-7562-4810-8F7B-C94DB6A97B03}.Debug|x86.ActiveCfg = Debug|Any CPU
		{E56F9F39-7562-4810-8F7B-C94DB6A97B03}.Debug|x86.Build.0 = Debug|Any CPU
		{E56F9F39-7562-4810-8F7B-C94DB6A97B03}.Debug|x86.Deploy.0 = Debug|Any CPU
		{E56F9F39-7562-4810-8F7B-C94DB6A97B03}.Release|Any CPU.ActiveCfg = Release|Any CPU
		{E56F9F39-7562-4810-8F7B-C94DB6A97B03}.Release|Any CPU.Build.0 = Release|Any CPU
		{E56F9F39-7562-4810-8F7B-C94DB6A97B03}.Release|Any CPU.Deploy.0 = Release|Any CPU
		{E56F9F39-7562-4810-8F7B-C94DB6A97B03}.Release|ARM.ActiveCfg = Release|Any CPU
		{E56F9F39-7562-4810-8F7B-C94DB6A97B03}.Release|ARM.Build.0 = Release|Any CPU
		{E56F9F39-7562-4810-8F7B-C94DB6A97B03}.Release|ARM.Deploy.0 = Release|Any CPU
		{E56F9F39-7562-4810-8F7B-C94DB6A97B03}.Release|iPhone.ActiveCfg = Release|Any CPU
		{E56F9F39-7562-4810-8F7B-C94DB6A97B03}.Release|iPhone.Build.0 = Release|Any CPU
		{E56F9F39-7562-4810-8F7B-C94DB6A97B03}.Release|iPhone.Deploy.0 = Release|Any CPU
		{E56F9F39-7562-4810-8F7B-C94DB6A97B03}.Release|iPhoneSimulator.ActiveCfg = Release|Any CPU
		{E56F9F39-7562-4810-8F7B-C94DB6A97B03}.Release|iPhoneSimulator.Build.0 = Release|Any CPU
		{E56F9F39-7562-4810-8F7B-C94DB6A97B03}.Release|iPhoneSimulator.Deploy.0 = Release|Any CPU
		{E56F9F39-7562-4810-8F7B-C94DB6A97B03}.Release|x64.ActiveCfg = Release|Any CPU
		{E56F9F39-7562-4810-8F7B-C94DB6A97B03}.Release|x64.Build.0 = Release|Any CPU
		{E56F9F39-7562-4810-8F7B-C94DB6A97B03}.Release|x64.Deploy.0 = Release|Any CPU
		{E56F9F39-7562-4810-8F7B-C94DB6A97B03}.Release|x86.ActiveCfg = Release|Any CPU
		{E56F9F39-7562-4810-8F7B-C94DB6A97B03}.Release|x86.Build.0 = Release|Any CPU
		{E56F9F39-7562-4810-8F7B-C94DB6A97B03}.Release|x86.Deploy.0 = Release|Any CPU
		{FCBBFC55-4197-4548-B68B-A65709DD86A5}.Ad-Hoc|Any CPU.ActiveCfg = Ad-Hoc|iPhone
		{FCBBFC55-4197-4548-B68B-A65709DD86A5}.Ad-Hoc|ARM.ActiveCfg = Ad-Hoc|iPhone
		{FCBBFC55-4197-4548-B68B-A65709DD86A5}.Ad-Hoc|iPhone.ActiveCfg = Ad-Hoc|iPhone
		{FCBBFC55-4197-4548-B68B-A65709DD86A5}.Ad-Hoc|iPhone.Build.0 = Ad-Hoc|iPhone
		{FCBBFC55-4197-4548-B68B-A65709DD86A5}.Ad-Hoc|iPhoneSimulator.ActiveCfg = Ad-Hoc|iPhoneSimulator
		{FCBBFC55-4197-4548-B68B-A65709DD86A5}.Ad-Hoc|iPhoneSimulator.Build.0 = Ad-Hoc|iPhoneSimulator
		{FCBBFC55-4197-4548-B68B-A65709DD86A5}.Ad-Hoc|x64.ActiveCfg = Ad-Hoc|iPhone
		{FCBBFC55-4197-4548-B68B-A65709DD86A5}.Ad-Hoc|x86.ActiveCfg = Ad-Hoc|iPhone
		{FCBBFC55-4197-4548-B68B-A65709DD86A5}.AppStore|Any CPU.ActiveCfg = AppStore|iPhone
		{FCBBFC55-4197-4548-B68B-A65709DD86A5}.AppStore|ARM.ActiveCfg = AppStore|iPhone
		{FCBBFC55-4197-4548-B68B-A65709DD86A5}.AppStore|iPhone.ActiveCfg = AppStore|iPhone
		{FCBBFC55-4197-4548-B68B-A65709DD86A5}.AppStore|iPhone.Build.0 = AppStore|iPhone
		{FCBBFC55-4197-4548-B68B-A65709DD86A5}.AppStore|iPhoneSimulator.ActiveCfg = AppStore|iPhoneSimulator
		{FCBBFC55-4197-4548-B68B-A65709DD86A5}.AppStore|iPhoneSimulator.Build.0 = AppStore|iPhoneSimulator
		{FCBBFC55-4197-4548-B68B-A65709DD86A5}.AppStore|x64.ActiveCfg = AppStore|iPhone
		{FCBBFC55-4197-4548-B68B-A65709DD86A5}.AppStore|x86.ActiveCfg = AppStore|iPhone
		{FCBBFC55-4197-4548-B68B-A65709DD86A5}.Debug|Any CPU.ActiveCfg = Debug|iPhone
		{FCBBFC55-4197-4548-B68B-A65709DD86A5}.Debug|ARM.ActiveCfg = Debug|iPhone
		{FCBBFC55-4197-4548-B68B-A65709DD86A5}.Debug|iPhone.ActiveCfg = Debug|iPhone
		{FCBBFC55-4197-4548-B68B-A65709DD86A5}.Debug|iPhone.Build.0 = Debug|iPhone
		{FCBBFC55-4197-4548-B68B-A65709DD86A5}.Debug|iPhoneSimulator.ActiveCfg = Debug|iPhoneSimulator
		{FCBBFC55-4197-4548-B68B-A65709DD86A5}.Debug|iPhoneSimulator.Build.0 = Debug|iPhoneSimulator
		{FCBBFC55-4197-4548-B68B-A65709DD86A5}.Debug|x64.ActiveCfg = Debug|iPhone
		{FCBBFC55-4197-4548-B68B-A65709DD86A5}.Debug|x86.ActiveCfg = Debug|iPhone
		{FCBBFC55-4197-4548-B68B-A65709DD86A5}.Release|Any CPU.ActiveCfg = Release|iPhone
		{FCBBFC55-4197-4548-B68B-A65709DD86A5}.Release|ARM.ActiveCfg = Release|iPhone
		{FCBBFC55-4197-4548-B68B-A65709DD86A5}.Release|iPhone.ActiveCfg = Release|iPhone
		{FCBBFC55-4197-4548-B68B-A65709DD86A5}.Release|iPhone.Build.0 = Release|iPhone
		{FCBBFC55-4197-4548-B68B-A65709DD86A5}.Release|iPhoneSimulator.ActiveCfg = Release|iPhoneSimulator
		{FCBBFC55-4197-4548-B68B-A65709DD86A5}.Release|iPhoneSimulator.Build.0 = Release|iPhoneSimulator
		{FCBBFC55-4197-4548-B68B-A65709DD86A5}.Release|x64.ActiveCfg = Release|iPhone
		{FCBBFC55-4197-4548-B68B-A65709DD86A5}.Release|x86.ActiveCfg = Release|iPhone
		{21302676-1F8D-44BA-9B90-DCC89479046B}.Ad-Hoc|Any CPU.ActiveCfg = Release|Any CPU
		{21302676-1F8D-44BA-9B90-DCC89479046B}.Ad-Hoc|Any CPU.Build.0 = Release|Any CPU
		{21302676-1F8D-44BA-9B90-DCC89479046B}.Ad-Hoc|ARM.ActiveCfg = Release|Any CPU
		{21302676-1F8D-44BA-9B90-DCC89479046B}.Ad-Hoc|ARM.Build.0 = Release|Any CPU
		{21302676-1F8D-44BA-9B90-DCC89479046B}.Ad-Hoc|iPhone.ActiveCfg = Release|Any CPU
		{21302676-1F8D-44BA-9B90-DCC89479046B}.Ad-Hoc|iPhone.Build.0 = Release|Any CPU
		{21302676-1F8D-44BA-9B90-DCC89479046B}.Ad-Hoc|iPhoneSimulator.ActiveCfg = Release|Any CPU
		{21302676-1F8D-44BA-9B90-DCC89479046B}.Ad-Hoc|iPhoneSimulator.Build.0 = Release|Any CPU
		{21302676-1F8D-44BA-9B90-DCC89479046B}.Ad-Hoc|x64.ActiveCfg = Release|Any CPU
		{21302676-1F8D-44BA-9B90-DCC89479046B}.Ad-Hoc|x64.Build.0 = Release|Any CPU
		{21302676-1F8D-44BA-9B90-DCC89479046B}.Ad-Hoc|x86.ActiveCfg = Release|Any CPU
		{21302676-1F8D-44BA-9B90-DCC89479046B}.Ad-Hoc|x86.Build.0 = Release|Any CPU
		{21302676-1F8D-44BA-9B90-DCC89479046B}.AppStore|Any CPU.ActiveCfg = Release|Any CPU
		{21302676-1F8D-44BA-9B90-DCC89479046B}.AppStore|Any CPU.Build.0 = Release|Any CPU
		{21302676-1F8D-44BA-9B90-DCC89479046B}.AppStore|ARM.ActiveCfg = Release|Any CPU
		{21302676-1F8D-44BA-9B90-DCC89479046B}.AppStore|ARM.Build.0 = Release|Any CPU
		{21302676-1F8D-44BA-9B90-DCC89479046B}.AppStore|iPhone.ActiveCfg = Release|Any CPU
		{21302676-1F8D-44BA-9B90-DCC89479046B}.AppStore|iPhone.Build.0 = Release|Any CPU
		{21302676-1F8D-44BA-9B90-DCC89479046B}.AppStore|iPhoneSimulator.ActiveCfg = Release|Any CPU
		{21302676-1F8D-44BA-9B90-DCC89479046B}.AppStore|iPhoneSimulator.Build.0 = Release|Any CPU
		{21302676-1F8D-44BA-9B90-DCC89479046B}.AppStore|x64.ActiveCfg = Release|Any CPU
		{21302676-1F8D-44BA-9B90-DCC89479046B}.AppStore|x64.Build.0 = Release|Any CPU
		{21302676-1F8D-44BA-9B90-DCC89479046B}.AppStore|x86.ActiveCfg = Release|Any CPU
		{21302676-1F8D-44BA-9B90-DCC89479046B}.AppStore|x86.Build.0 = Release|Any CPU
		{21302676-1F8D-44BA-9B90-DCC89479046B}.Debug|Any CPU.ActiveCfg = Debug|Any CPU
		{21302676-1F8D-44BA-9B90-DCC89479046B}.Debug|Any CPU.Build.0 = Debug|Any CPU
		{21302676-1F8D-44BA-9B90-DCC89479046B}.Debug|ARM.ActiveCfg = Debug|Any CPU
		{21302676-1F8D-44BA-9B90-DCC89479046B}.Debug|ARM.Build.0 = Debug|Any CPU
		{21302676-1F8D-44BA-9B90-DCC89479046B}.Debug|iPhone.ActiveCfg = Debug|Any CPU
		{21302676-1F8D-44BA-9B90-DCC89479046B}.Debug|iPhone.Build.0 = Debug|Any CPU
		{21302676-1F8D-44BA-9B90-DCC89479046B}.Debug|iPhoneSimulator.ActiveCfg = Debug|Any CPU
		{21302676-1F8D-44BA-9B90-DCC89479046B}.Debug|iPhoneSimulator.Build.0 = Debug|Any CPU
		{21302676-1F8D-44BA-9B90-DCC89479046B}.Debug|x64.ActiveCfg = Debug|Any CPU
		{21302676-1F8D-44BA-9B90-DCC89479046B}.Debug|x64.Build.0 = Debug|Any CPU
		{21302676-1F8D-44BA-9B90-DCC89479046B}.Debug|x86.ActiveCfg = Debug|Any CPU
		{21302676-1F8D-44BA-9B90-DCC89479046B}.Debug|x86.Build.0 = Debug|Any CPU
		{21302676-1F8D-44BA-9B90-DCC89479046B}.Release|Any CPU.ActiveCfg = Release|Any CPU
		{21302676-1F8D-44BA-9B90-DCC89479046B}.Release|Any CPU.Build.0 = Release|Any CPU
		{21302676-1F8D-44BA-9B90-DCC89479046B}.Release|ARM.ActiveCfg = Release|Any CPU
		{21302676-1F8D-44BA-9B90-DCC89479046B}.Release|ARM.Build.0 = Release|Any CPU
		{21302676-1F8D-44BA-9B90-DCC89479046B}.Release|iPhone.ActiveCfg = Release|Any CPU
		{21302676-1F8D-44BA-9B90-DCC89479046B}.Release|iPhone.Build.0 = Release|Any CPU
		{21302676-1F8D-44BA-9B90-DCC89479046B}.Release|iPhoneSimulator.ActiveCfg = Release|Any CPU
		{21302676-1F8D-44BA-9B90-DCC89479046B}.Release|iPhoneSimulator.Build.0 = Release|Any CPU
		{21302676-1F8D-44BA-9B90-DCC89479046B}.Release|x64.ActiveCfg = Release|Any CPU
		{21302676-1F8D-44BA-9B90-DCC89479046B}.Release|x64.Build.0 = Release|Any CPU
		{21302676-1F8D-44BA-9B90-DCC89479046B}.Release|x86.ActiveCfg = Release|Any CPU
		{21302676-1F8D-44BA-9B90-DCC89479046B}.Release|x86.Build.0 = Release|Any CPU
		{EB4959FF-73E2-43A7-A91F-BD46FC922F23}.Ad-Hoc|Any CPU.ActiveCfg = Release|Any CPU
		{EB4959FF-73E2-43A7-A91F-BD46FC922F23}.Ad-Hoc|Any CPU.Build.0 = Release|Any CPU
		{EB4959FF-73E2-43A7-A91F-BD46FC922F23}.Ad-Hoc|ARM.ActiveCfg = Release|Any CPU
		{EB4959FF-73E2-43A7-A91F-BD46FC922F23}.Ad-Hoc|ARM.Build.0 = Release|Any CPU
		{EB4959FF-73E2-43A7-A91F-BD46FC922F23}.Ad-Hoc|iPhone.ActiveCfg = Release|Any CPU
		{EB4959FF-73E2-43A7-A91F-BD46FC922F23}.Ad-Hoc|iPhone.Build.0 = Release|Any CPU
		{EB4959FF-73E2-43A7-A91F-BD46FC922F23}.Ad-Hoc|iPhoneSimulator.ActiveCfg = Release|Any CPU
		{EB4959FF-73E2-43A7-A91F-BD46FC922F23}.Ad-Hoc|iPhoneSimulator.Build.0 = Release|Any CPU
		{EB4959FF-73E2-43A7-A91F-BD46FC922F23}.Ad-Hoc|x64.ActiveCfg = Release|Any CPU
		{EB4959FF-73E2-43A7-A91F-BD46FC922F23}.Ad-Hoc|x64.Build.0 = Release|Any CPU
		{EB4959FF-73E2-43A7-A91F-BD46FC922F23}.Ad-Hoc|x86.ActiveCfg = Release|Any CPU
		{EB4959FF-73E2-43A7-A91F-BD46FC922F23}.Ad-Hoc|x86.Build.0 = Release|Any CPU
		{EB4959FF-73E2-43A7-A91F-BD46FC922F23}.AppStore|Any CPU.ActiveCfg = Release|Any CPU
		{EB4959FF-73E2-43A7-A91F-BD46FC922F23}.AppStore|Any CPU.Build.0 = Release|Any CPU
		{EB4959FF-73E2-43A7-A91F-BD46FC922F23}.AppStore|ARM.ActiveCfg = Release|Any CPU
		{EB4959FF-73E2-43A7-A91F-BD46FC922F23}.AppStore|ARM.Build.0 = Release|Any CPU
		{EB4959FF-73E2-43A7-A91F-BD46FC922F23}.AppStore|iPhone.ActiveCfg = Release|Any CPU
		{EB4959FF-73E2-43A7-A91F-BD46FC922F23}.AppStore|iPhone.Build.0 = Release|Any CPU
		{EB4959FF-73E2-43A7-A91F-BD46FC922F23}.AppStore|iPhoneSimulator.ActiveCfg = Release|Any CPU
		{EB4959FF-73E2-43A7-A91F-BD46FC922F23}.AppStore|iPhoneSimulator.Build.0 = Release|Any CPU
		{EB4959FF-73E2-43A7-A91F-BD46FC922F23}.AppStore|x64.ActiveCfg = Release|Any CPU
		{EB4959FF-73E2-43A7-A91F-BD46FC922F23}.AppStore|x64.Build.0 = Release|Any CPU
		{EB4959FF-73E2-43A7-A91F-BD46FC922F23}.AppStore|x86.ActiveCfg = Release|Any CPU
		{EB4959FF-73E2-43A7-A91F-BD46FC922F23}.AppStore|x86.Build.0 = Release|Any CPU
		{EB4959FF-73E2-43A7-A91F-BD46FC922F23}.Debug|Any CPU.ActiveCfg = Debug|Any CPU
		{EB4959FF-73E2-43A7-A91F-BD46FC922F23}.Debug|Any CPU.Build.0 = Debug|Any CPU
		{EB4959FF-73E2-43A7-A91F-BD46FC922F23}.Debug|ARM.ActiveCfg = Debug|Any CPU
		{EB4959FF-73E2-43A7-A91F-BD46FC922F23}.Debug|ARM.Build.0 = Debug|Any CPU
		{EB4959FF-73E2-43A7-A91F-BD46FC922F23}.Debug|iPhone.ActiveCfg = Debug|Any CPU
		{EB4959FF-73E2-43A7-A91F-BD46FC922F23}.Debug|iPhone.Build.0 = Debug|Any CPU
		{EB4959FF-73E2-43A7-A91F-BD46FC922F23}.Debug|iPhoneSimulator.ActiveCfg = Debug|Any CPU
		{EB4959FF-73E2-43A7-A91F-BD46FC922F23}.Debug|iPhoneSimulator.Build.0 = Debug|Any CPU
		{EB4959FF-73E2-43A7-A91F-BD46FC922F23}.Debug|x64.ActiveCfg = Debug|Any CPU
		{EB4959FF-73E2-43A7-A91F-BD46FC922F23}.Debug|x64.Build.0 = Debug|Any CPU
		{EB4959FF-73E2-43A7-A91F-BD46FC922F23}.Debug|x86.ActiveCfg = Debug|Any CPU
		{EB4959FF-73E2-43A7-A91F-BD46FC922F23}.Debug|x86.Build.0 = Debug|Any CPU
		{EB4959FF-73E2-43A7-A91F-BD46FC922F23}.Release|Any CPU.ActiveCfg = Release|Any CPU
		{EB4959FF-73E2-43A7-A91F-BD46FC922F23}.Release|Any CPU.Build.0 = Release|Any CPU
		{EB4959FF-73E2-43A7-A91F-BD46FC922F23}.Release|ARM.ActiveCfg = Release|Any CPU
		{EB4959FF-73E2-43A7-A91F-BD46FC922F23}.Release|ARM.Build.0 = Release|Any CPU
		{EB4959FF-73E2-43A7-A91F-BD46FC922F23}.Release|iPhone.ActiveCfg = Release|Any CPU
		{EB4959FF-73E2-43A7-A91F-BD46FC922F23}.Release|iPhone.Build.0 = Release|Any CPU
		{EB4959FF-73E2-43A7-A91F-BD46FC922F23}.Release|iPhoneSimulator.ActiveCfg = Release|Any CPU
		{EB4959FF-73E2-43A7-A91F-BD46FC922F23}.Release|iPhoneSimulator.Build.0 = Release|Any CPU
		{EB4959FF-73E2-43A7-A91F-BD46FC922F23}.Release|x64.ActiveCfg = Release|Any CPU
		{EB4959FF-73E2-43A7-A91F-BD46FC922F23}.Release|x64.Build.0 = Release|Any CPU
		{EB4959FF-73E2-43A7-A91F-BD46FC922F23}.Release|x86.ActiveCfg = Release|Any CPU
		{EB4959FF-73E2-43A7-A91F-BD46FC922F23}.Release|x86.Build.0 = Release|Any CPU
		{0BF69139-E58E-436D-AB64-022CEFC917DB}.Ad-Hoc|Any CPU.ActiveCfg = Release|Any CPU
		{0BF69139-E58E-436D-AB64-022CEFC917DB}.Ad-Hoc|Any CPU.Build.0 = Release|Any CPU
		{0BF69139-E58E-436D-AB64-022CEFC917DB}.Ad-Hoc|ARM.ActiveCfg = Release|Any CPU
		{0BF69139-E58E-436D-AB64-022CEFC917DB}.Ad-Hoc|ARM.Build.0 = Release|Any CPU
		{0BF69139-E58E-436D-AB64-022CEFC917DB}.Ad-Hoc|iPhone.ActiveCfg = Release|Any CPU
		{0BF69139-E58E-436D-AB64-022CEFC917DB}.Ad-Hoc|iPhone.Build.0 = Release|Any CPU
		{0BF69139-E58E-436D-AB64-022CEFC917DB}.Ad-Hoc|iPhoneSimulator.ActiveCfg = Release|Any CPU
		{0BF69139-E58E-436D-AB64-022CEFC917DB}.Ad-Hoc|iPhoneSimulator.Build.0 = Release|Any CPU
		{0BF69139-E58E-436D-AB64-022CEFC917DB}.Ad-Hoc|x64.ActiveCfg = Release|Any CPU
		{0BF69139-E58E-436D-AB64-022CEFC917DB}.Ad-Hoc|x64.Build.0 = Release|Any CPU
		{0BF69139-E58E-436D-AB64-022CEFC917DB}.Ad-Hoc|x86.ActiveCfg = Release|Any CPU
		{0BF69139-E58E-436D-AB64-022CEFC917DB}.Ad-Hoc|x86.Build.0 = Release|Any CPU
		{0BF69139-E58E-436D-AB64-022CEFC917DB}.AppStore|Any CPU.ActiveCfg = Release|Any CPU
		{0BF69139-E58E-436D-AB64-022CEFC917DB}.AppStore|Any CPU.Build.0 = Release|Any CPU
		{0BF69139-E58E-436D-AB64-022CEFC917DB}.AppStore|ARM.ActiveCfg = Release|Any CPU
		{0BF69139-E58E-436D-AB64-022CEFC917DB}.AppStore|ARM.Build.0 = Release|Any CPU
		{0BF69139-E58E-436D-AB64-022CEFC917DB}.AppStore|iPhone.ActiveCfg = Release|Any CPU
		{0BF69139-E58E-436D-AB64-022CEFC917DB}.AppStore|iPhone.Build.0 = Release|Any CPU
		{0BF69139-E58E-436D-AB64-022CEFC917DB}.AppStore|iPhoneSimulator.ActiveCfg = Release|Any CPU
		{0BF69139-E58E-436D-AB64-022CEFC917DB}.AppStore|iPhoneSimulator.Build.0 = Release|Any CPU
		{0BF69139-E58E-436D-AB64-022CEFC917DB}.AppStore|x64.ActiveCfg = Release|Any CPU
		{0BF69139-E58E-436D-AB64-022CEFC917DB}.AppStore|x64.Build.0 = Release|Any CPU
		{0BF69139-E58E-436D-AB64-022CEFC917DB}.AppStore|x86.ActiveCfg = Release|Any CPU
		{0BF69139-E58E-436D-AB64-022CEFC917DB}.AppStore|x86.Build.0 = Release|Any CPU
		{0BF69139-E58E-436D-AB64-022CEFC917DB}.Debug|Any CPU.ActiveCfg = Debug|Any CPU
		{0BF69139-E58E-436D-AB64-022CEFC917DB}.Debug|Any CPU.Build.0 = Debug|Any CPU
		{0BF69139-E58E-436D-AB64-022CEFC917DB}.Debug|ARM.ActiveCfg = Debug|Any CPU
		{0BF69139-E58E-436D-AB64-022CEFC917DB}.Debug|ARM.Build.0 = Debug|Any CPU
		{0BF69139-E58E-436D-AB64-022CEFC917DB}.Debug|iPhone.ActiveCfg = Debug|Any CPU
		{0BF69139-E58E-436D-AB64-022CEFC917DB}.Debug|iPhone.Build.0 = Debug|Any CPU
		{0BF69139-E58E-436D-AB64-022CEFC917DB}.Debug|iPhoneSimulator.ActiveCfg = Debug|Any CPU
		{0BF69139-E58E-436D-AB64-022CEFC917DB}.Debug|iPhoneSimulator.Build.0 = Debug|Any CPU
		{0BF69139-E58E-436D-AB64-022CEFC917DB}.Debug|x64.ActiveCfg = Debug|Any CPU
		{0BF69139-E58E-436D-AB64-022CEFC917DB}.Debug|x64.Build.0 = Debug|Any CPU
		{0BF69139-E58E-436D-AB64-022CEFC917DB}.Debug|x86.ActiveCfg = Debug|Any CPU
		{0BF69139-E58E-436D-AB64-022CEFC917DB}.Debug|x86.Build.0 = Debug|Any CPU
		{0BF69139-E58E-436D-AB64-022CEFC917DB}.Release|Any CPU.ActiveCfg = Release|Any CPU
		{0BF69139-E58E-436D-AB64-022CEFC917DB}.Release|Any CPU.Build.0 = Release|Any CPU
		{0BF69139-E58E-436D-AB64-022CEFC917DB}.Release|ARM.ActiveCfg = Release|Any CPU
		{0BF69139-E58E-436D-AB64-022CEFC917DB}.Release|ARM.Build.0 = Release|Any CPU
		{0BF69139-E58E-436D-AB64-022CEFC917DB}.Release|iPhone.ActiveCfg = Release|Any CPU
		{0BF69139-E58E-436D-AB64-022CEFC917DB}.Release|iPhone.Build.0 = Release|Any CPU
		{0BF69139-E58E-436D-AB64-022CEFC917DB}.Release|iPhoneSimulator.ActiveCfg = Release|Any CPU
		{0BF69139-E58E-436D-AB64-022CEFC917DB}.Release|iPhoneSimulator.Build.0 = Release|Any CPU
		{0BF69139-E58E-436D-AB64-022CEFC917DB}.Release|x64.ActiveCfg = Release|Any CPU
		{0BF69139-E58E-436D-AB64-022CEFC917DB}.Release|x64.Build.0 = Release|Any CPU
		{0BF69139-E58E-436D-AB64-022CEFC917DB}.Release|x86.ActiveCfg = Release|Any CPU
		{0BF69139-E58E-436D-AB64-022CEFC917DB}.Release|x86.Build.0 = Release|Any CPU
	EndGlobalSection
	GlobalSection(SolutionProperties) = preSolution
		HideSolutionNode = FALSE
	EndGlobalSection
EndGlobal
