
Microsoft Visual Studio Solution File, Format Version 12.00
# Visual Studio Version 17
VisualStudioVersion = 17.0.32014.148
MinimumVisualStudioVersion = 10.0.40219.1
Project("{9A19103F-16F7-4668-BE54-9A1E7A4F7556}") = "AuthorizationBaseLab", "AuthorizationBaseLab.csproj", "{4F536D1B-8061-404E-9CD5-CCB09415F0AD}"
EndProject
Project("{9A19103F-16F7-4668-BE54-9A1E7A4F7556}") = "OcelotApiGatewayLab", "..\AuthorizationBaseLabSubs\OcelotApiGatewayLab\OcelotApiGatewayLab.csproj", "{B9A0BA95-EDFA-48D6-B02C-6AB52ECB8A40}"
EndProject
Project("{9A19103F-16F7-4668-BE54-9A1E7A4F7556}") = "BadWeb", "..\AuthorizationBaseLabSubs\BadWeb\BadWeb.csproj", "{02FABD3E-ED34-4183-8BB2-FEFB32B5CD1B}"
EndProject
Global
	GlobalSection(SolutionConfigurationPlatforms) = preSolution
		Debug|Any CPU = Debug|Any CPU
		Release|Any CPU = Release|Any CPU
	EndGlobalSection
	GlobalSection(ProjectConfigurationPlatforms) = postSolution
		{4F536D1B-8061-404E-9CD5-CCB09415F0AD}.Debug|Any CPU.ActiveCfg = Debug|Any CPU
		{4F536D1B-8061-404E-9CD5-CCB09415F0AD}.Debug|Any CPU.Build.0 = Debug|Any CPU
		{4F536D1B-8061-404E-9CD5-CCB09415F0AD}.Release|Any CPU.ActiveCfg = Release|Any CPU
		{4F536D1B-8061-404E-9CD5-CCB09415F0AD}.Release|Any CPU.Build.0 = Release|Any CPU
		{B9A0BA95-EDFA-48D6-B02C-6AB52ECB8A40}.Debug|Any CPU.ActiveCfg = Debug|Any CPU
		{B9A0BA95-EDFA-48D6-B02C-6AB52ECB8A40}.Debug|Any CPU.Build.0 = Debug|Any CPU
		{B9A0BA95-EDFA-48D6-B02C-6AB52ECB8A40}.Release|Any CPU.ActiveCfg = Release|Any CPU
		{B9A0BA95-EDFA-48D6-B02C-6AB52ECB8A40}.Release|Any CPU.Build.0 = Release|Any CPU
		{02FABD3E-ED34-4183-8BB2-FEFB32B5CD1B}.Debug|Any CPU.ActiveCfg = Debug|Any CPU
		{02FABD3E-ED34-4183-8BB2-FEFB32B5CD1B}.Debug|Any CPU.Build.0 = Debug|Any CPU
		{02FABD3E-ED34-4183-8BB2-FEFB32B5CD1B}.Release|Any CPU.ActiveCfg = Release|Any CPU
		{02FABD3E-ED34-4183-8BB2-FEFB32B5CD1B}.Release|Any CPU.Build.0 = Release|Any CPU
	EndGlobalSection
	GlobalSection(SolutionProperties) = preSolution
		HideSolutionNode = FALSE
	EndGlobalSection
	GlobalSection(ExtensibilityGlobals) = postSolution
		SolutionGuid = {2DCA8F24-980D-41E4-840B-4A7DB86770CA}
	EndGlobalSection
EndGlobal
